
Microsoft Visual Studio Solution File, Format Version 12.00
# Visual Studio 15
VisualStudioVersion = 15.0.28307.168
MinimumVisualStudioVersion = 10.0.40219.1
Project("{FAE04EC0-301F-11D3-BF4B-00C04F79EFBC}") = "Interface", "Interface\Interface.csproj", "{747C63CA-8BAB-4749-B427-0A7939B28B73}"
EndProject
Global
	GlobalSection(SolutionConfigurationPlatforms) = preSolution
		Debug|Any CPU = Debug|Any CPU
		Release|Any CPU = Release|Any CPU
	EndGlobalSection
	GlobalSection(ProjectConfigurationPlatforms) = postSolution
		{747C63CA-8BAB-4749-B427-0A7939B28B73}.Debug|Any CPU.ActiveCfg = Debug|Any CPU
		{747C63CA-8BAB-4749-B427-0A7939B28B73}.Debug|Any CPU.Build.0 = Debug|Any CPU
		{747C63CA-8BAB-4749-B427-0A7939B28B73}.Release|Any CPU.ActiveCfg = Release|Any CPU
		{747C63CA-8BAB-4749-B427-0A7939B28B73}.Release|Any CPU.Build.0 = Release|Any CPU
	EndGlobalSection
	GlobalSection(SolutionProperties) = preSolution
		HideSolutionNode = FALSE
	EndGlobalSection
	GlobalSection(ExtensibilityGlobals) = postSolution
		SolutionGuid = {C3EECEEC-69AF-4C7D-8199-5D556878EEE8}
	EndGlobalSection
EndGlobal
